
Microsoft Visual Studio Solution File, Format Version 12.00
# Visual Studio Version 17
VisualStudioVersion = 17.13.35828.75
MinimumVisualStudioVersion = 10.0.40219.1
Project("{FAE04EC0-301F-11D3-BF4B-00C04F79EFBC}") = "VROOM.Models", "VROOM.Models\VROOM.Models.csproj", "{7DCD50E3-F990-4D14-A2BE-66FDF99CF669}"
EndProject
Project("{FAE04EC0-301F-11D3-BF4B-00C04F79EFBC}") = "VROOM.Data", "VROOM.Data\VROOM.Data.csproj", "{E4679180-7B4B-4DA7-95F5-8D88260D32E4}"
EndProject
Project("{FAE04EC0-301F-11D3-BF4B-00C04F79EFBC}") = "VROOM.API", "VROOM.API\VROOM.API.csproj", "{E52E7909-4FA9-4BC4-8FB5-7C9C8497BB91}"
EndProject
Project("{FAE04EC0-301F-11D3-BF4B-00C04F79EFBC}") = "VROOM.AdminArea", "VROOM.AdminArea\VROOM.AdminArea.csproj", "{2810A309-5FB9-460E-AFA0-9D17C08945BC}"
EndProject
Project("{FAE04EC0-301F-11D3-BF4B-00C04F79EFBC}") = "VROOM.Repositories", "VROOM.Repositories\VROOM.Repositories.csproj", "{48549656-C778-42C3-A5CB-475FE9CC2791}"
EndProject
Project("{FAE04EC0-301F-11D3-BF4B-00C04F79EFBC}") = "VROOM.Services", "VROOM.Services\VROOM.Services.csproj", "{DBFE2322-9C0D-4F55-BCE1-0E93E196C996}"
EndProject
Project("{2150E333-8FDC-42A3-9474-1A3956D46DE8}") = "Solution Items", "Solution Items", "{B696BCD9-850A-48E9-8AEB-75FA4615C262}"
	ProjectSection(SolutionItems) = preProject
		Notes.txt = Notes.txt
	EndProjectSection
EndProject
Global
	GlobalSection(SolutionConfigurationPlatforms) = preSolution
		Debug|Any CPU = Debug|Any CPU
		Release|Any CPU = Release|Any CPU
	EndGlobalSection
	GlobalSection(ProjectConfigurationPlatforms) = postSolution
		{7DCD50E3-F990-4D14-A2BE-66FDF99CF669}.Debug|Any CPU.ActiveCfg = Debug|Any CPU
		{7DCD50E3-F990-4D14-A2BE-66FDF99CF669}.Debug|Any CPU.Build.0 = Debug|Any CPU
		{7DCD50E3-F990-4D14-A2BE-66FDF99CF669}.Release|Any CPU.ActiveCfg = Release|Any CPU
		{7DCD50E3-F990-4D14-A2BE-66FDF99CF669}.Release|Any CPU.Build.0 = Release|Any CPU
		{E4679180-7B4B-4DA7-95F5-8D88260D32E4}.Debug|Any CPU.ActiveCfg = Debug|Any CPU
		{E4679180-7B4B-4DA7-95F5-8D88260D32E4}.Debug|Any CPU.Build.0 = Debug|Any CPU
		{E4679180-7B4B-4DA7-95F5-8D88260D32E4}.Release|Any CPU.ActiveCfg = Release|Any CPU
		{E4679180-7B4B-4DA7-95F5-8D88260D32E4}.Release|Any CPU.Build.0 = Release|Any CPU
		{E52E7909-4FA9-4BC4-8FB5-7C9C8497BB91}.Debug|Any CPU.ActiveCfg = Debug|Any CPU
		{E52E7909-4FA9-4BC4-8FB5-7C9C8497BB91}.Debug|Any CPU.Build.0 = Debug|Any CPU
		{E52E7909-4FA9-4BC4-8FB5-7C9C8497BB91}.Release|Any CPU.ActiveCfg = Release|Any CPU
		{E52E7909-4FA9-4BC4-8FB5-7C9C8497BB91}.Release|Any CPU.Build.0 = Release|Any CPU
		{2810A309-5FB9-460E-AFA0-9D17C08945BC}.Debug|Any CPU.ActiveCfg = Debug|Any CPU
		{2810A309-5FB9-460E-AFA0-9D17C08945BC}.Debug|Any CPU.Build.0 = Debug|Any CPU
		{2810A309-5FB9-460E-AFA0-9D17C08945BC}.Release|Any CPU.ActiveCfg = Release|Any CPU
		{2810A309-5FB9-460E-AFA0-9D17C08945BC}.Release|Any CPU.Build.0 = Release|Any CPU
		{48549656-C778-42C3-A5CB-475FE9CC2791}.Debug|Any CPU.ActiveCfg = Debug|Any CPU
		{48549656-C778-42C3-A5CB-475FE9CC2791}.Debug|Any CPU.Build.0 = Debug|Any CPU
		{48549656-C778-42C3-A5CB-475FE9CC2791}.Release|Any CPU.ActiveCfg = Release|Any CPU
		{48549656-C778-42C3-A5CB-475FE9CC2791}.Release|Any CPU.Build.0 = Release|Any CPU
		{DBFE2322-9C0D-4F55-BCE1-0E93E196C996}.Debug|Any CPU.ActiveCfg = Debug|Any CPU
		{DBFE2322-9C0D-4F55-BCE1-0E93E196C996}.Debug|Any CPU.Build.0 = Debug|Any CPU
		{DBFE2322-9C0D-4F55-BCE1-0E93E196C996}.Release|Any CPU.ActiveCfg = Release|Any CPU
		{DBFE2322-9C0D-4F55-BCE1-0E93E196C996}.Release|Any CPU.Build.0 = Release|Any CPU
	EndGlobalSection
	GlobalSection(SolutionProperties) = preSolution
		HideSolutionNode = FALSE
	EndGlobalSection
	GlobalSection(ExtensibilityGlobals) = postSolution
		SolutionGuid = {079EE069-2B65-4B88-B65E-8F2F79D4C154}
	EndGlobalSection
EndGlobal
