
Microsoft Visual Studio Solution File, Format Version 12.00
# Visual Studio Version 17
VisualStudioVersion = 17.13.35828.75 d17.13
MinimumVisualStudioVersion = 10.0.40219.1
Project("{FAE04EC0-301F-11D3-BF4B-00C04F79EFBC}") = "VROOM", "VROOM\VROOM.csproj", "{4DE6DEA6-8199-450F-986A-2F5BB420742D}"
EndProject
Global
	GlobalSection(SolutionConfigurationPlatforms) = preSolution
		Debug|Any CPU = Debug|Any CPU
		Release|Any CPU = Release|Any CPU
	EndGlobalSection
	GlobalSection(ProjectConfigurationPlatforms) = postSolution
		{4DE6DEA6-8199-450F-986A-2F5BB420742D}.Debug|Any CPU.ActiveCfg = Debug|Any CPU
		{4DE6DEA6-8199-450F-986A-2F5BB420742D}.Debug|Any CPU.Build.0 = Debug|Any CPU
		{4DE6DEA6-8199-450F-986A-2F5BB420742D}.Release|Any CPU.ActiveCfg = Release|Any CPU
		{4DE6DEA6-8199-450F-986A-2F5BB420742D}.Release|Any CPU.Build.0 = Release|Any CPU
	EndGlobalSection
	GlobalSection(SolutionProperties) = preSolution
		HideSolutionNode = FALSE
	EndGlobalSection
	GlobalSection(ExtensibilityGlobals) = postSolution
		SolutionGuid = {6DF32D50-209F-4F41-B222-D20ADA4773F7}
	EndGlobalSection
EndGlobal
